# This file is autogenerated, do not edit; changes may be undone by the next 'dep ensure'.


[[projects]]
  name = "cloud.google.com/go"
  packages = ["compute/metadata"]
  revision = "cfe8f6d1fe6976d03af790d7a8b9bf6aa73287bd"
  version = "v0.47.0"

[[projects]]
  name = "github.com/Azure/go-autorest"
  packages = ["autorest","autorest/adal","autorest/azure","autorest/date","logger","tracing"]
  revision = "3492b2aff5036c67228ab3c7dba3577c871db200"
  version = "v13.3.0"

[[projects]]
  name = "github.com/BurntSushi/toml"
  packages = ["."]
  revision = "3012a1dbe2e4bd1391d42b32f0577cb7bbc7f005"
  version = "v0.3.1"

[[projects]]
  name = "github.com/PuerkitoBio/purell"
  packages = ["."]
  revision = "44968752391892e1b0d0b821ee79e9a85fa13049"
  version = "v1.1.1"

[[projects]]
  branch = "master"
  name = "github.com/PuerkitoBio/urlesc"
  packages = ["."]
  revision = "de5bf2ad457846296e2031421a34e2568e304e35"

[[projects]]
  name = "github.com/beorn7/perks"
  packages = ["quantile"]
  revision = "37c8de3658fcb183f997c4e13e8337516ab753e6"
  version = "v1.0.1"

[[projects]]
  name = "github.com/davecgh/go-spew"
  packages = ["spew"]
  revision = "8991bc29aa16c548c550c7ff78260e27b9ab7c73"
  version = "v1.1.1"

[[projects]]
  name = "github.com/dgrijalva/jwt-go"
  packages = ["."]
  revision = "06ea1031745cb8b3dab3f6a236daf2b0aa468b7e"
  version = "v3.2.0"

[[projects]]
  name = "github.com/emicklei/go-restful"
  packages = [".","log"]
  revision = "99f05a26a0a1c71e664ebe6a76d29b2c80333056"
  version = "v2.11.1"

[[projects]]
  name = "github.com/evanphx/json-patch"
  packages = ["."]
  revision = "026c730a0dcc5d11f93f1cf1cc65b01247ea7b6f"
  version = "v4.5.0"

[[projects]]
  name = "github.com/ghodss/yaml"
  packages = ["."]
  revision = "0ca9ea5df5451ffdf184b4428c902747c2c11cd7"
  version = "v1.0.0"

[[projects]]
  name = "github.com/go-logr/logr"
  packages = ["."]
  revision = "9fb12b3b21c5415d16ac18dc5cd42c1cfdd40c4e"
  version = "v0.1.0"

[[projects]]
  name = "github.com/go-logr/zapr"
  packages = ["."]
  revision = "03f06a783fbb7dfaf3f629c7825480e43a7105e6"
  version = "v0.1.1"

[[projects]]
  name = "github.com/go-openapi/jsonpointer"
  packages = ["."]
  revision = "ed123515f087412cd7ef02e49b0b0a5e6a79a360"
  version = "v0.19.3"

[[projects]]
  name = "github.com/go-openapi/jsonreference"
  packages = ["."]
  revision = "82f31475a8f7a12bc26962f6e26ceade8ea6f66a"
  version = "v0.19.3"

[[projects]]
  name = "github.com/go-openapi/spec"
  packages = ["."]
  revision = "8557d72e4f077c2dbe1e48df09e596b6fb9b7991"
  version = "v0.19.4"

[[projects]]
  name = "github.com/go-openapi/swag"
  packages = ["."]
  revision = "c3d0f7896d589f3babb99eea24bbc7de98108e72"
  version = "v0.19.5"

[[projects]]
  name = "github.com/gobuffalo/envy"
  packages = ["."]
  revision = "909ea676d4c90832fefbf55a5a4fb04d8bef8931"
  version = "v1.7.1"

[[projects]]
  name = "github.com/gobuffalo/flect"
  packages = ["."]
  revision = "86360480338dcc8c7b61de28a928595f77079989"
  version = "v0.1.6"

[[projects]]
  name = "github.com/gogo/protobuf"
  packages = ["proto","sortkeys"]
  revision = "5628607bb4c51c3157aacc3a50f0ab707582b805"
  version = "v1.3.1"

[[projects]]
  branch = "master"
  name = "github.com/golang/groupcache"
  packages = ["lru"]
  revision = "611e8accdfc92c4187d399e95ce826046d4c8d73"

[[projects]]
  name = "github.com/golang/protobuf"
  packages = ["proto","ptypes","ptypes/any","ptypes/duration","ptypes/timestamp"]
  revision = "6c65a5562fc06764971b7c5d05c76c75e84bdbf7"
  version = "v1.3.2"

[[projects]]
  name = "github.com/google/go-cmp"
  packages = ["cmp","cmp/internal/diff","cmp/internal/flags","cmp/internal/function","cmp/internal/value"]
  revision = "2d0692c2e9617365a95b295612ac0d4415ba4627"
  version = "v0.3.1"

[[projects]]
  name = "github.com/google/gofuzz"
  packages = ["."]
  revision = "f140a6486e521aad38f5917de355cbf147cc0496"
  version = "v1.0.0"

[[projects]]
  name = "github.com/google/uuid"
  packages = ["."]
  revision = "0cd6bf5da1e1c83f8b45653022c74f71af0538a4"
  version = "v1.1.1"

[[projects]]
  name = "github.com/googleapis/gnostic"
  packages = ["OpenAPIv2","compiler","extensions"]
  revision = "ab0dd09aa10e2952b28e12ecd35681b20463ebab"
  version = "v0.3.1"

[[projects]]
  name = "github.com/gophercloud/gophercloud"
  packages = [".","openstack","openstack/baremetal/noauth","openstack/baremetal/v1/nodes","openstack/baremetal/v1/ports","openstack/baremetalintrospection/noauth","openstack/baremetalintrospection/v1/introspection","openstack/identity/v2/tenants","openstack/identity/v2/tokens","openstack/identity/v3/tokens","openstack/utils","pagination"]
  revision = "a8bdb516e71d7c586306501b30b80f06f53c013e"
  version = "v0.6.0"

[[projects]]
  name = "github.com/hashicorp/golang-lru"
  packages = [".","simplelru"]
  revision = "7f827b33c0f158ec5dfbba01bb0b14a4541fd81d"
  version = "v0.5.3"

[[projects]]
  name = "github.com/imdario/mergo"
  packages = ["."]
  revision = "1afb36080aec31e0d1528973ebe6721b191b0369"
  version = "v0.3.8"

[[projects]]
  name = "github.com/inconshreveable/mousetrap"
  packages = ["."]
  revision = "76626ae9c91c4f2a10f34cad8ce83ea42c93bb75"
  version = "v1.0"

[[projects]]
  name = "github.com/joho/godotenv"
  packages = ["."]
  revision = "23d116af351c84513e1946b527c88823e476be13"
  version = "v1.3.0"

[[projects]]
  name = "github.com/json-iterator/go"
  packages = ["."]
  revision = "03217c3e97663914aec3faafde50d081f197a0a2"
  version = "v1.1.8"

[[projects]]
  name = "github.com/konsorten/go-windows-terminal-sequences"
  packages = ["."]
  revision = "f55edac94c9bbba5d6182a4be46d86a2c9b5b50e"
  version = "v1.0.2"

[[projects]]
  name = "github.com/mailru/easyjson"
  packages = ["buffer","jlexer","jwriter"]
  revision = "1b2b06f5f209fea48ff5922d8bfb2b9ed5d8f00b"
  version = "v0.7.0"

[[projects]]
  name = "github.com/markbates/inflect"
  packages = ["."]
  revision = "24b83195037b3bc61fcda2d28b7b0518bce293b6"
  version = "v1.0.4"

[[projects]]
  name = "github.com/matttproud/golang_protobuf_extensions"
  packages = ["pbutil"]
  revision = "c12348ce28de40eed0136aa2b644d0ee0650e56c"
  version = "v1.0.1"

[[projects]]
  name = "github.com/mitchellh/go-homedir"
  packages = ["."]
  revision = "af06845cf3004701891bf4fdb884bfe4920b3727"
  version = "v1.1.0"

[[projects]]
  name = "github.com/modern-go/concurrent"
  packages = ["."]
  revision = "bacd9c7ef1dd9b15be4a9909b8ac7a4e313eec94"
  version = "1.0.3"

[[projects]]
  name = "github.com/modern-go/reflect2"
  packages = ["."]
  revision = "4b7aa43c6742a2c18fdef89dd197aaae7dac7ccd"
  version = "1.0.1"

[[projects]]
  name = "github.com/operator-framework/operator-sdk"
  packages = ["internal/scaffold","internal/scaffold/input","internal/scaffold/internal/deps","internal/util/fileutil","internal/util/k8sutil","internal/util/projutil","internal/util/yamlutil","pkg/k8sutil","pkg/test","version"]
  revision = "2445fcda834ca4b7cf0d6c38fba6317fb219b469"
  version = "v0.12.0"

[[projects]]
  name = "github.com/pkg/errors"
  packages = ["."]
  revision = "ba968bfe8b2f7e042a574c888954fccecfa385b4"
  version = "v0.8.1"

[[projects]]
  name = "github.com/prometheus/client_golang"
  packages = ["prometheus","prometheus/internal","prometheus/promhttp"]
  revision = "170205fb58decfd011f1550d4cfb737230d7ae4f"
  version = "v1.1.0"

[[projects]]
  branch = "master"
  name = "github.com/prometheus/client_model"
  packages = ["go"]
  revision = "14fe0d1b01d4d5fc031dd4bec1823bd3ebbe8016"

[[projects]]
  name = "github.com/prometheus/common"
  packages = ["expfmt","internal/bitbucket.org/ww/goautoneg","model"]
  revision = "287d3e634a1e550c9e463dd7e5a75a422c614505"
  version = "v0.7.0"

[[projects]]
  name = "github.com/prometheus/procfs"
  packages = [".","internal/fs","internal/util"]
  revision = "499c85531f756d1129edd26485a5f73871eeb308"
  version = "v0.0.5"

[[projects]]
  name = "github.com/rogpeppe/go-internal"
  packages = ["modfile","module","semver"]
  revision = "d89504fbbf2c313df24867a5ffafcc9b847961ff"
  version = "v1.5.0"

[[projects]]
  name = "github.com/sirupsen/logrus"
  packages = ["."]
  revision = "839c75faf7f98a33d445d181f3018b5c3409a45e"
  version = "v1.4.2"

[[projects]]
  name = "github.com/spf13/afero"
  packages = [".","mem"]
  revision = "588a75ec4f32903aa5e39a2619ba6a4631e28424"
  version = "v1.2.2"

[[projects]]
  name = "github.com/spf13/cobra"
  packages = ["."]
  revision = "f2b07da1e2c38d5f12845a4f607e2e1018cbb1f5"
  version = "v0.0.5"

[[projects]]
  name = "github.com/spf13/pflag"
  packages = ["."]
  revision = "2e9d26c8c37aae03e3f9d4e90b7116f5accb7cab"
  version = "v1.0.5"

[[projects]]
  name = "go.uber.org/atomic"
  packages = ["."]
  revision = "9dc4df04d0d1c39369750a9f6c32c39560672089"
  version = "v1.5.0"

[[projects]]
  name = "go.uber.org/multierr"
  packages = ["."]
  revision = "824d08f79702fe5f54aca8400aa0d754318786e7"
  version = "v1.4.0"

[[projects]]
  branch = "master"
  name = "go.uber.org/tools"
  packages = ["update-license"]
  revision = "2cfd321de3ee5d5f8a5fda2521d1703478334d98"

[[projects]]
  name = "go.uber.org/zap"
  packages = [".","buffer","internal/bufferpool","internal/color","internal/exit","zapcore"]
  revision = "a6015e13fab9b744d96085308ce4e8f11bad1996"
  version = "v1.12.0"

[[projects]]
  branch = "master"
  name = "golang.org/x/crypto"
  packages = ["ssh/terminal"]
  revision = "bd318be0434a57050ed475e0f45c3dbb16c09c2e"

[[projects]]
  branch = "master"
  name = "golang.org/x/lint"
  packages = [".","golint"]
  revision = "16217165b5de779cb6a5e4fc81fa9c1166fda457"

[[projects]]
  branch = "master"
  name = "golang.org/x/net"
  packages = ["context","context/ctxhttp","http/httpguts","http2","http2/hpack","idna"]
  revision = "daa7c04131f568e31c51927b359a2d197a357058"

[[projects]]
  branch = "master"
  name = "golang.org/x/oauth2"
  packages = [".","google","internal","jws","jwt"]
  revision = "0f29369cfe4552d0e4bcddc57cc75f4d7e672a33"

[[projects]]
  branch = "master"
  name = "golang.org/x/sys"
  packages = ["unix","windows"]
  revision = "d32e6e3b99c40f2bfaea45ea9596ed539eed1c0d"

[[projects]]
  name = "golang.org/x/text"
  packages = ["collate","collate/build","internal/colltab","internal/gen","internal/language","internal/language/compact","internal/tag","internal/triegen","internal/ucd","language","secure/bidirule","transform","unicode/bidi","unicode/cldr","unicode/norm","unicode/rangetable","width"]
  revision = "342b2e1fbaa52c93f31447ad2c6abc048c63e475"
  version = "v0.3.2"

[[projects]]
  branch = "master"
  name = "golang.org/x/time"
  packages = ["rate"]
  revision = "555d28b269f0569763d25dbe1a237ae74c6bcc82"

[[projects]]
  branch = "master"
  name = "golang.org/x/tools"
  packages = ["go/analysis","go/analysis/passes/inspect","go/ast/astutil","go/ast/inspector","go/buildutil","go/gcexportdata","go/internal/gcimporter","go/internal/packagesdriver","go/packages","go/types/objectpath","go/types/typeutil","imports","internal/fastwalk","internal/gopathwalk","internal/imports","internal/module","internal/semver","internal/span"]
  revision = "97ad0ed33101b39103eaf8aeab62b59dd1cfb89e"

[[projects]]
  branch = "master"
  name = "golang.org/x/xerrors"
  packages = [".","internal"]
  revision = "1b5146add8981d58be77b16229c0ff0f8bebd8c1"

[[projects]]
  name = "gomodules.xyz/jsonpatch"
  packages = ["v2"]
  revision = "e8422f09d27ee2c8cfb2c7f8089eb9eeb0764849"
  version = "v2.0.1"

[[projects]]
  name = "google.golang.org/appengine"
  packages = [".","internal","internal/app_identity","internal/base","internal/datastore","internal/log","internal/modules","internal/remote_api","internal/urlfetch","urlfetch"]
  revision = "971852bfffca25b069c31162ae8f247a3dba083b"
  version = "v1.6.5"

[[projects]]
  name = "gopkg.in/fsnotify.v1"
  packages = ["."]
  revision = "c2828203cd70a50dcccfb2761f8b1f8ceef9a8e9"
  source = "https://github.com/fsnotify/fsnotify.git"
  version = "v1.4.7"

[[projects]]
  name = "gopkg.in/inf.v0"
  packages = ["."]
  revision = "d2d2541c53f18d2a059457998ce2876cc8e67cbf"
  version = "v0.9.1"

[[projects]]
  name = "gopkg.in/yaml.v2"
  packages = ["."]
  revision = "f90ceb4f409096b60e2e9076b38b304b8246e5fa"
  version = "v2.2.5"

[[projects]]
  name = "honnef.co/go/tools"
  packages = ["arg","cmd/staticcheck","config","deprecated","facts","functions","go/types/typeutil","internal/cache","internal/passes/buildssa","internal/renameio","internal/sharedcheck","lint","lint/lintdsl","lint/lintutil","lint/lintutil/format","loader","printf","simple","ssa","ssautil","staticcheck","staticcheck/vrp","stylecheck","unused","version"]
  revision = "afd67930eec2a9ed3e9b19f684d17a062285f16a"
  version = "2019.2.3"

[[projects]]
  name = "k8s.io/api"
  packages = ["admission/v1beta1","admissionregistration/v1","admissionregistration/v1beta1","apps/v1","apps/v1beta1","apps/v1beta2","auditregistration/v1alpha1","authentication/v1","authentication/v1beta1","authorization/v1","authorization/v1beta1","autoscaling/v1","autoscaling/v2beta1","autoscaling/v2beta2","batch/v1","batch/v1beta1","batch/v2alpha1","certificates/v1beta1","coordination/v1","coordination/v1beta1","core/v1","discovery/v1alpha1","events/v1beta1","extensions/v1beta1","networking/v1","networking/v1beta1","node/v1alpha1","node/v1beta1","policy/v1beta1","rbac/v1","rbac/v1alpha1","rbac/v1beta1","scheduling/v1","scheduling/v1alpha1","scheduling/v1beta1","settings/v1alpha1","storage/v1","storage/v1alpha1","storage/v1beta1"]
  revision = "35e52d86657aba06859dd22099bfa14faf1effb2"

[[projects]]
  name = "k8s.io/apiextensions-apiserver"
  packages = ["pkg/apis/apiextensions","pkg/apis/apiextensions/v1","pkg/apis/apiextensions/v1beta1","pkg/client/clientset/clientset/scheme"]
  revision = "5357c4baaf6562e4d37c9afc9fef99bd16d76a9f"

[[projects]]
  name = "k8s.io/apimachinery"
  packages = ["pkg/api/equality","pkg/api/errors","pkg/api/meta","pkg/api/resource","pkg/apis/meta/internalversion","pkg/apis/meta/v1","pkg/apis/meta/v1/unstructured","pkg/apis/meta/v1beta1","pkg/conversion","pkg/conversion/queryparams","pkg/fields","pkg/labels","pkg/runtime","pkg/runtime/schema","pkg/runtime/serializer","pkg/runtime/serializer/json","pkg/runtime/serializer/protobuf","pkg/runtime/serializer/recognizer","pkg/runtime/serializer/streaming","pkg/runtime/serializer/versioning","pkg/selection","pkg/types","pkg/util/cache","pkg/util/clock","pkg/util/diff","pkg/util/errors","pkg/util/framer","pkg/util/intstr","pkg/util/json","pkg/util/mergepatch","pkg/util/naming","pkg/util/net","pkg/util/runtime","pkg/util/sets","pkg/util/strategicpatch","pkg/util/uuid","pkg/util/validation","pkg/util/validation/field","pkg/util/wait","pkg/util/yaml","pkg/version","pkg/watch","third_party/forked/golang/json","third_party/forked/golang/reflect"]
  revision = "a2eda9f80ab8a454a81bdde16d62a1afe5f931c0"

[[projects]]
  name = "k8s.io/client-go"
  packages = ["discovery","discovery/cached","discovery/cached/memory","dynamic","kubernetes","kubernetes/scheme","kubernetes/typed/admissionregistration/v1","kubernetes/typed/admissionregistration/v1beta1","kubernetes/typed/apps/v1","kubernetes/typed/apps/v1beta1","kubernetes/typed/apps/v1beta2","kubernetes/typed/auditregistration/v1alpha1","kubernetes/typed/authentication/v1","kubernetes/typed/authentication/v1beta1","kubernetes/typed/authorization/v1","kubernetes/typed/authorization/v1beta1","kubernetes/typed/autoscaling/v1","kubernetes/typed/autoscaling/v2beta1","kubernetes/typed/autoscaling/v2beta2","kubernetes/typed/batch/v1","kubernetes/typed/batch/v1beta1","kubernetes/typed/batch/v2alpha1","kubernetes/typed/certificates/v1beta1","kubernetes/typed/coordination/v1","kubernetes/typed/coordination/v1beta1","kubernetes/typed/core/v1","kubernetes/typed/discovery/v1alpha1","kubernetes/typed/events/v1beta1","kubernetes/typed/extensions/v1beta1","kubernetes/typed/networking/v1","kubernetes/typed/networking/v1beta1","kubernetes/typed/node/v1alpha1","kubernetes/typed/node/v1beta1","kubernetes/typed/policy/v1beta1","kubernetes/typed/rbac/v1","kubernetes/typed/rbac/v1alpha1","kubernetes/typed/rbac/v1beta1","kubernetes/typed/scheduling/v1","kubernetes/typed/scheduling/v1alpha1","kubernetes/typed/scheduling/v1beta1","kubernetes/typed/settings/v1alpha1","kubernetes/typed/storage/v1","kubernetes/typed/storage/v1alpha1","kubernetes/typed/storage/v1beta1","pkg/apis/clientauthentication","pkg/apis/clientauthentication/v1alpha1","pkg/apis/clientauthentication/v1beta1","pkg/version","plugin/pkg/client/auth","plugin/pkg/client/auth/azure","plugin/pkg/client/auth/exec","plugin/pkg/client/auth/gcp","plugin/pkg/client/auth/oidc","plugin/pkg/client/auth/openstack","rest","rest/watch","restmapper","testing","third_party/forked/golang/template","tools/auth","tools/cache","tools/clientcmd","tools/clientcmd/api","tools/clientcmd/api/latest","tools/clientcmd/api/v1","tools/leaderelection","tools/leaderelection/resourcelock","tools/metrics","tools/pager","tools/record","tools/record/util","tools/reference","transport","util/cert","util/connrotation","util/flowcontrol","util/homedir","util/jsonpath","util/keyutil","util/retry","util/workqueue"]
  revision = "bec269661e48cb1e5fbb0d037f356ffe9e9978a0"

[[projects]]
  name = "k8s.io/klog"
  packages = ["."]
  revision = "2ca9ad30301bf30a8a6e0fa2110db6b8df699a91"
  version = "v1.0.0"

[[projects]]
  branch = "master"
  name = "k8s.io/kube-openapi"
  packages = ["pkg/common","pkg/util/proto"]
  revision = "30be4d16710ac61bce31eb28a01054596fe6a9f1"

[[projects]]
  branch = "master"
  name = "k8s.io/utils"
  packages = ["buffer","integer","pointer","trace"]
  revision = "2b95a09bc58df43d4032504619706b6a38293a47"

[[projects]]
  branch = "master"
  name = "sigs.k8s.io/controller-runtime"
  packages = ["pkg/cache","pkg/cache/internal","pkg/client","pkg/client/apiutil","pkg/client/config","pkg/client/fake","pkg/controller","pkg/controller/controllerutil","pkg/event","pkg/handler","pkg/healthz","pkg/internal/controller","pkg/internal/controller/metrics","pkg/internal/log","pkg/internal/objectutil","pkg/internal/recorder","pkg/leaderelection","pkg/log","pkg/log/zap","pkg/manager","pkg/manager/signals","pkg/metrics","pkg/predicate","pkg/reconcile","pkg/recorder","pkg/runtime/inject","pkg/runtime/log","pkg/scheme","pkg/source","pkg/source/internal","pkg/webhook","pkg/webhook/admission","pkg/webhook/internal/certwatcher","pkg/webhook/internal/metrics"]
  revision = "47744b5a819ddb704a85e6b11408cdf45443861b"

[[projects]]
  name = "sigs.k8s.io/controller-tools"
  packages = ["pkg/crd","pkg/crd/markers","pkg/genall","pkg/loader","pkg/markers","pkg/version"]
  revision = "d556e7d0fb947b07a02d5c202e2e3b898b9e28e7"
  version = "v0.2.2"

[[projects]]
  name = "sigs.k8s.io/yaml"
  packages = ["."]
  revision = "fd68e9863619f6ec2fdd8625fe1f02e7c877e480"
  version = "v1.1.0"

[solve-meta]
  analyzer-name = "dep"
  analyzer-version = 1
  inputs-digest = "b68ecf528d29c2a8fb537e930273990916c1a989c19af0fc2a02ec2b034506b9"
  solver-name = "gps-cdcl"
  solver-version = 1
